
Microsoft Visual Studio Solution File, Format Version 12.00
# Visual Studio Version 17
VisualStudioVersion = 17.5.33627.172
MinimumVisualStudioVersion = 10.0.40219.1
Project("{9A19103F-16F7-4668-BE54-9A1E7A4F7556}") = "Hakbal", "Hakbal\Hakbal.csproj", "{518F84EA-AC01-47AD-A07E-8784414AA402}"
EndProject
Project("{2150E333-8FDC-42A3-9474-1A3956D46DE8}") = "Solution Items", "Solution Items", "{D38B1672-6D97-47BC-8D60-F4FBC16208A0}"
EndProject
Global
	GlobalSection(SolutionConfigurationPlatforms) = preSolution
		Debug|Any CPU = Debug|Any CPU
		Release|Any CPU = Release|Any CPU
	EndGlobalSection
	GlobalSection(ProjectConfigurationPlatforms) = postSolution
		{518F84EA-AC01-47AD-A07E-8784414AA402}.Debug|Any CPU.ActiveCfg = Debug|Any CPU
		{518F84EA-AC01-47AD-A07E-8784414AA402}.Debug|Any CPU.Build.0 = Debug|Any CPU
		{518F84EA-AC01-47AD-A07E-8784414AA402}.Release|Any CPU.ActiveCfg = Release|Any CPU
		{518F84EA-AC01-47AD-A07E-8784414AA402}.Release|Any CPU.Build.0 = Release|Any CPU
	EndGlobalSection
	GlobalSection(SolutionProperties) = preSolution
		HideSolutionNode = FALSE
	EndGlobalSection
	GlobalSection(ExtensibilityGlobals) = postSolution
		SolutionGuid = {8B6B9C1C-1D29-4040-8D3A-F6B0AF154E73}
	EndGlobalSection
EndGlobal
